
Microsoft Visual Studio Solution File, Format Version 12.00
# Visual Studio Version 16
VisualStudioVersion = 16.0.31205.134
MinimumVisualStudioVersion = 10.0.40219.1
Project("{FAE04EC0-301F-11D3-BF4B-00C04F79EFBC}") = "LukeMods.FasterGrowth", "LukeMods.FasterGrowth\LukeMods.FasterGrowth.csproj", "{577E5BA3-0303-42DE-971B-552CF0B38464}"
EndProject
Project("{FAE04EC0-301F-11D3-BF4B-00C04F79EFBC}") = "LukeMods.Common", "LukeMods.Common\LukeMods.Common.csproj", "{4B8B84BE-EDE3-47A8-80D9-DCFBB106EE57}"
EndProject
Project("{FAE04EC0-301F-11D3-BF4B-00C04F79EFBC}") = "LukeMods.OPBladeBZ", "LukeMods.OPBladeBZ\LukeMods.OPBladeBZ.csproj", "{75B8EE27-C160-45FD-91C2-A64CE58A6B8E}"
EndProject
Project("{2150E333-8FDC-42A3-9474-1A3956D46DE8}") = "Mods", "Mods", "{12C9D996-EED1-4D1D-A302-414AFC6AF92F}"
EndProject
Project("{FAE04EC0-301F-11D3-BF4B-00C04F79EFBC}") = "LukeMods.ExtendedMineralDetector", "LukeMods.ExtendedMineralDetector\LukeMods.ExtendedMineralDetector.csproj", "{5A681551-F822-4E74-8E75-C7F13556F010}"
EndProject
Project("{FAE04EC0-301F-11D3-BF4B-00C04F79EFBC}") = "LukeMods.FasterPrawnDrill", "LukeMods.FasterPrawnDrill\LukeMods.FasterPrawnDrill.csproj", "{B0F5050F-0D63-419E-9868-310126377519}"
EndProject
Project("{FAE04EC0-301F-11D3-BF4B-00C04F79EFBC}") = "LukeMods.FasterPdaScan", "LukeMods.FasterPdaScan\LukeMods.FasterPdaScan.csproj", "{3C59E2EB-D018-4269-9175-CF9206BCEC14}"
EndProject
Project("{FAE04EC0-301F-11D3-BF4B-00C04F79EFBC}") = "LukeMods.MineralDetectorBlip", "LukeMods.MineralDetectorBlip\LukeMods.MineralDetectorBlip.csproj", "{DE2A24EC-B6E5-44CB-B850-8E02BA4713FF}"
EndProject
Global
	GlobalSection(SolutionConfigurationPlatforms) = preSolution
		Debug|Any CPU = Debug|Any CPU
		Release|Any CPU = Release|Any CPU
	EndGlobalSection
	GlobalSection(ProjectConfigurationPlatforms) = postSolution
		{577E5BA3-0303-42DE-971B-552CF0B38464}.Debug|Any CPU.ActiveCfg = Debug|Any CPU
		{577E5BA3-0303-42DE-971B-552CF0B38464}.Debug|Any CPU.Build.0 = Debug|Any CPU
		{577E5BA3-0303-42DE-971B-552CF0B38464}.Release|Any CPU.ActiveCfg = Release|Any CPU
		{577E5BA3-0303-42DE-971B-552CF0B38464}.Release|Any CPU.Build.0 = Release|Any CPU
		{4B8B84BE-EDE3-47A8-80D9-DCFBB106EE57}.Debug|Any CPU.ActiveCfg = Debug|Any CPU
		{4B8B84BE-EDE3-47A8-80D9-DCFBB106EE57}.Debug|Any CPU.Build.0 = Debug|Any CPU
		{4B8B84BE-EDE3-47A8-80D9-DCFBB106EE57}.Release|Any CPU.ActiveCfg = Release|Any CPU
		{4B8B84BE-EDE3-47A8-80D9-DCFBB106EE57}.Release|Any CPU.Build.0 = Release|Any CPU
		{75B8EE27-C160-45FD-91C2-A64CE58A6B8E}.Debug|Any CPU.ActiveCfg = Debug|Any CPU
		{75B8EE27-C160-45FD-91C2-A64CE58A6B8E}.Debug|Any CPU.Build.0 = Debug|Any CPU
		{75B8EE27-C160-45FD-91C2-A64CE58A6B8E}.Release|Any CPU.ActiveCfg = Release|Any CPU
		{75B8EE27-C160-45FD-91C2-A64CE58A6B8E}.Release|Any CPU.Build.0 = Release|Any CPU
		{5A681551-F822-4E74-8E75-C7F13556F010}.Debug|Any CPU.ActiveCfg = Debug|Any CPU
		{5A681551-F822-4E74-8E75-C7F13556F010}.Debug|Any CPU.Build.0 = Debug|Any CPU
		{5A681551-F822-4E74-8E75-C7F13556F010}.Release|Any CPU.ActiveCfg = Release|Any CPU
		{5A681551-F822-4E74-8E75-C7F13556F010}.Release|Any CPU.Build.0 = Release|Any CPU
		{B0F5050F-0D63-419E-9868-310126377519}.Debug|Any CPU.ActiveCfg = Debug|Any CPU
		{B0F5050F-0D63-419E-9868-310126377519}.Debug|Any CPU.Build.0 = Debug|Any CPU
		{B0F5050F-0D63-419E-9868-310126377519}.Release|Any CPU.ActiveCfg = Release|Any CPU
		{B0F5050F-0D63-419E-9868-310126377519}.Release|Any CPU.Build.0 = Release|Any CPU
		{3C59E2EB-D018-4269-9175-CF9206BCEC14}.Debug|Any CPU.ActiveCfg = Debug|Any CPU
		{3C59E2EB-D018-4269-9175-CF9206BCEC14}.Debug|Any CPU.Build.0 = Debug|Any CPU
		{3C59E2EB-D018-4269-9175-CF9206BCEC14}.Release|Any CPU.ActiveCfg = Release|Any CPU
		{3C59E2EB-D018-4269-9175-CF9206BCEC14}.Release|Any CPU.Build.0 = Release|Any CPU
		{DE2A24EC-B6E5-44CB-B850-8E02BA4713FF}.Debug|Any CPU.ActiveCfg = Debug|Any CPU
		{DE2A24EC-B6E5-44CB-B850-8E02BA4713FF}.Debug|Any CPU.Build.0 = Debug|Any CPU
		{DE2A24EC-B6E5-44CB-B850-8E02BA4713FF}.Release|Any CPU.ActiveCfg = Release|Any CPU
		{DE2A24EC-B6E5-44CB-B850-8E02BA4713FF}.Release|Any CPU.Build.0 = Release|Any CPU
	EndGlobalSection
	GlobalSection(SolutionProperties) = preSolution
		HideSolutionNode = FALSE
	EndGlobalSection
	GlobalSection(NestedProjects) = preSolution
		{577E5BA3-0303-42DE-971B-552CF0B38464} = {12C9D996-EED1-4D1D-A302-414AFC6AF92F}
		{75B8EE27-C160-45FD-91C2-A64CE58A6B8E} = {12C9D996-EED1-4D1D-A302-414AFC6AF92F}
		{5A681551-F822-4E74-8E75-C7F13556F010} = {12C9D996-EED1-4D1D-A302-414AFC6AF92F}
		{B0F5050F-0D63-419E-9868-310126377519} = {12C9D996-EED1-4D1D-A302-414AFC6AF92F}
		{3C59E2EB-D018-4269-9175-CF9206BCEC14} = {12C9D996-EED1-4D1D-A302-414AFC6AF92F}
		{DE2A24EC-B6E5-44CB-B850-8E02BA4713FF} = {12C9D996-EED1-4D1D-A302-414AFC6AF92F}
	EndGlobalSection
	GlobalSection(ExtensibilityGlobals) = postSolution
		SolutionGuid = {31FC65BB-E657-43F8-9C3A-11E996015250}
	EndGlobalSection
EndGlobal
